
Microsoft Visual Studio Solution File, Format Version 12.00
# Visual Studio Version 16
VisualStudioVersion = 16.0.31205.134
MinimumVisualStudioVersion = 10.0.40219.1
Project("{9A19103F-16F7-4668-BE54-9A1E7A4F7556}") = "PalindromeChecker", "Pallindrom Checker\PalindromeChecker.csproj", "{CC543521-8C7A-40B6-AC26-039D5BE71FA3}"
EndProject
Project("{FAE04EC0-301F-11D3-BF4B-00C04F79EFBC}") = "PalindromeChecker.Tests", "PalindromeChecker.Tests\PalindromeChecker.Tests.csproj", "{36AE99C1-33A7-47B7-80F6-ED46E5C3F253}"
EndProject
Global
	GlobalSection(SolutionConfigurationPlatforms) = preSolution
		Debug|Any CPU = Debug|Any CPU
		Release|Any CPU = Release|Any CPU
	EndGlobalSection
	GlobalSection(ProjectConfigurationPlatforms) = postSolution
		{CC543521-8C7A-40B6-AC26-039D5BE71FA3}.Debug|Any CPU.ActiveCfg = Debug|Any CPU
		{CC543521-8C7A-40B6-AC26-039D5BE71FA3}.Debug|Any CPU.Build.0 = Debug|Any CPU
		{CC543521-8C7A-40B6-AC26-039D5BE71FA3}.Release|Any CPU.ActiveCfg = Release|Any CPU
		{CC543521-8C7A-40B6-AC26-039D5BE71FA3}.Release|Any CPU.Build.0 = Release|Any CPU
		{36AE99C1-33A7-47B7-80F6-ED46E5C3F253}.Debug|Any CPU.ActiveCfg = Debug|Any CPU
		{36AE99C1-33A7-47B7-80F6-ED46E5C3F253}.Debug|Any CPU.Build.0 = Debug|Any CPU
		{36AE99C1-33A7-47B7-80F6-ED46E5C3F253}.Release|Any CPU.ActiveCfg = Release|Any CPU
		{36AE99C1-33A7-47B7-80F6-ED46E5C3F253}.Release|Any CPU.Build.0 = Release|Any CPU
	EndGlobalSection
	GlobalSection(SolutionProperties) = preSolution
		HideSolutionNode = FALSE
	EndGlobalSection
	GlobalSection(ExtensibilityGlobals) = postSolution
		SolutionGuid = {A04B05FB-64D8-47AB-A441-9D9540FBBC5A}
	EndGlobalSection
EndGlobal
